
Microsoft Visual Studio Solution File, Format Version 9.00
# Visual Studio 2005
Project("{8BC9CEB8-8B4A-11D0-8D11-00A0C91BC942}") = "mmixvd", "mmixvd.vcproj", "{8C808B73-7109-450C-917C-2EC73293FD94}"
	ProjectSection(ProjectDependencies) = postProject
		{7D726DD5-C88A-4287-BF59-96E73A4F8F3C} = {7D726DD5-C88A-4287-BF59-96E73A4F8F3C}
		{DACDA282-D702-41D2-B95C-81BF27E05DE0} = {DACDA282-D702-41D2-B95C-81BF27E05DE0}
		{D49D454B-0839-4606-850D-03A6231DB2DA} = {D49D454B-0839-4606-850D-03A6231DB2DA}
		{5A384688-86B5-439D-B700-C52330851681} = {5A384688-86B5-439D-B700-C52330851681}
		{1CA5CEA9-8223-488F-84E7-8A378DE377CD} = {1CA5CEA9-8223-488F-84E7-8A378DE377CD}
	EndProjectSection
EndProject
Project("{8BC9CEB8-8B4A-11D0-8D11-00A0C91BC942}") = "scintilla", "scintilla\scintilla.vcproj", "{7D726DD5-C88A-4287-BF59-96E73A4F8F3C}"
	ProjectSection(ProjectDependencies) = postProject
		{D49D454B-0839-4606-850D-03A6231DB2DA} = {D49D454B-0839-4606-850D-03A6231DB2DA}
		{97BF3001-ABEA-4190-884A-E846DB460ABE} = {97BF3001-ABEA-4190-884A-E846DB460ABE}
	EndProjectSection
EndProject
Project("{8BC9CEB8-8B4A-11D0-8D11-00A0C91BC942}") = "abstime", "mmixlib\abstime.vcproj", "{D49D454B-0839-4606-850D-03A6231DB2DA}"
EndProject
Project("{8BC9CEB8-8B4A-11D0-8D11-00A0C91BC942}") = "mmixlib", "mmixlib\mmixlib.vcproj", "{DACDA282-D702-41D2-B95C-81BF27E05DE0}"
	ProjectSection(ProjectDependencies) = postProject
		{D49D454B-0839-4606-850D-03A6231DB2DA} = {D49D454B-0839-4606-850D-03A6231DB2DA}
		{5A384688-86B5-439D-B700-C52330851681} = {5A384688-86B5-439D-B700-C52330851681}
		{97BF3001-ABEA-4190-884A-E846DB460ABE} = {97BF3001-ABEA-4190-884A-E846DB460ABE}
	EndProjectSection
EndProject
Project("{8BC9CEB8-8B4A-11D0-8D11-00A0C91BC942}") = "winopt", "..\winopt\winopt.vcproj", "{5A384688-86B5-439D-B700-C52330851681}"
EndProject
Project("{8BC9CEB8-8B4A-11D0-8D11-00A0C91BC942}") = "splitterlib", "..\splitterlib\splitterlib.vcproj", "{1CA5CEA9-8223-488F-84E7-8A378DE377CD}"
	ProjectSection(ProjectDependencies) = postProject
		{D49D454B-0839-4606-850D-03A6231DB2DA} = {D49D454B-0839-4606-850D-03A6231DB2DA}
		{97BF3001-ABEA-4190-884A-E846DB460ABE} = {97BF3001-ABEA-4190-884A-E846DB460ABE}
	EndProjectSection
EndProject
Project("{8BC9CEB8-8B4A-11D0-8D11-00A0C91BC942}") = "customizevd", "mmixlib\customizevd.vcproj", "{97BF3001-ABEA-4190-884A-E846DB460ABE}"
EndProject
Global
	GlobalSection(SolutionConfigurationPlatforms) = preSolution
		Debug|Win32 = Debug|Win32
		Release|Win32 = Release|Win32
	EndGlobalSection
	GlobalSection(ProjectConfigurationPlatforms) = postSolution
		{8C808B73-7109-450C-917C-2EC73293FD94}.Debug|Win32.ActiveCfg = Debug|Win32
		{8C808B73-7109-450C-917C-2EC73293FD94}.Debug|Win32.Build.0 = Debug|Win32
		{8C808B73-7109-450C-917C-2EC73293FD94}.Release|Win32.ActiveCfg = Release|Win32
		{8C808B73-7109-450C-917C-2EC73293FD94}.Release|Win32.Build.0 = Release|Win32
		{7D726DD5-C88A-4287-BF59-96E73A4F8F3C}.Debug|Win32.ActiveCfg = Debug|Win32
		{7D726DD5-C88A-4287-BF59-96E73A4F8F3C}.Debug|Win32.Build.0 = Debug|Win32
		{7D726DD5-C88A-4287-BF59-96E73A4F8F3C}.Release|Win32.ActiveCfg = Release|Win32
		{7D726DD5-C88A-4287-BF59-96E73A4F8F3C}.Release|Win32.Build.0 = Release|Win32
		{D49D454B-0839-4606-850D-03A6231DB2DA}.Debug|Win32.ActiveCfg = Debug|Win32
		{D49D454B-0839-4606-850D-03A6231DB2DA}.Debug|Win32.Build.0 = Debug|Win32
		{D49D454B-0839-4606-850D-03A6231DB2DA}.Release|Win32.ActiveCfg = Release|Win32
		{D49D454B-0839-4606-850D-03A6231DB2DA}.Release|Win32.Build.0 = Release|Win32
		{DACDA282-D702-41D2-B95C-81BF27E05DE0}.Debug|Win32.ActiveCfg = Debug|Win32
		{DACDA282-D702-41D2-B95C-81BF27E05DE0}.Debug|Win32.Build.0 = Debug|Win32
		{DACDA282-D702-41D2-B95C-81BF27E05DE0}.Release|Win32.ActiveCfg = Release|Win32
		{DACDA282-D702-41D2-B95C-81BF27E05DE0}.Release|Win32.Build.0 = Release|Win32
		{5A384688-86B5-439D-B700-C52330851681}.Debug|Win32.ActiveCfg = Debug|Win32
		{5A384688-86B5-439D-B700-C52330851681}.Debug|Win32.Build.0 = Debug|Win32
		{5A384688-86B5-439D-B700-C52330851681}.Release|Win32.ActiveCfg = Release|Win32
		{5A384688-86B5-439D-B700-C52330851681}.Release|Win32.Build.0 = Release|Win32
		{1CA5CEA9-8223-488F-84E7-8A378DE377CD}.Debug|Win32.ActiveCfg = Debug|Win32
		{1CA5CEA9-8223-488F-84E7-8A378DE377CD}.Debug|Win32.Build.0 = Debug|Win32
		{1CA5CEA9-8223-488F-84E7-8A378DE377CD}.Release|Win32.ActiveCfg = Release|Win32
		{1CA5CEA9-8223-488F-84E7-8A378DE377CD}.Release|Win32.Build.0 = Release|Win32
		{97BF3001-ABEA-4190-884A-E846DB460ABE}.Debug|Win32.ActiveCfg = Debug|Win32
		{97BF3001-ABEA-4190-884A-E846DB460ABE}.Debug|Win32.Build.0 = Debug|Win32
		{97BF3001-ABEA-4190-884A-E846DB460ABE}.Release|Win32.ActiveCfg = Release|Win32
		{97BF3001-ABEA-4190-884A-E846DB460ABE}.Release|Win32.Build.0 = Release|Win32
	EndGlobalSection
	GlobalSection(SolutionProperties) = preSolution
		HideSolutionNode = FALSE
	EndGlobalSection
EndGlobal
