
Microsoft Visual Studio Solution File, Format Version 9.00
# Visual Studio 2005
Project("{8BC9CEB8-8B4A-11D0-8D11-00A0C91BC942}") = "led", "led.vcproj", "{5517BA05-32AF-42D6-A69B-26BA7F0F4090}"
EndProject
Project("{8BC9CEB8-8B4A-11D0-8D11-00A0C91BC942}") = "vmbwin", "..\util\vmbwin.vcproj", "{C7A37974-103B-4A8A-ACD4-F304C0D9C35C}"
EndProject
Project("{8BC9CEB8-8B4A-11D0-8D11-00A0C91BC942}") = "vmbwinopt", "..\opt\vmbwinopt.vcproj", "{5A384688-86B5-439D-B700-C52330851681}"
EndProject
Global
	GlobalSection(SolutionConfigurationPlatforms) = preSolution
		Debug|Win32 = Debug|Win32
		Release|Win32 = Release|Win32
	EndGlobalSection
	GlobalSection(ProjectConfigurationPlatforms) = postSolution
		{5517BA05-32AF-42D6-A69B-26BA7F0F4090}.Debug|Win32.ActiveCfg = Debug|Win32
		{5517BA05-32AF-42D6-A69B-26BA7F0F4090}.Debug|Win32.Build.0 = Debug|Win32
		{5517BA05-32AF-42D6-A69B-26BA7F0F4090}.Release|Win32.ActiveCfg = Release|Win32
		{5517BA05-32AF-42D6-A69B-26BA7F0F4090}.Release|Win32.Build.0 = Release|Win32
		{C7A37974-103B-4A8A-ACD4-F304C0D9C35C}.Debug|Win32.ActiveCfg = Debug|Win32
		{C7A37974-103B-4A8A-ACD4-F304C0D9C35C}.Debug|Win32.Build.0 = Debug|Win32
		{C7A37974-103B-4A8A-ACD4-F304C0D9C35C}.Release|Win32.ActiveCfg = Release|Win32
		{C7A37974-103B-4A8A-ACD4-F304C0D9C35C}.Release|Win32.Build.0 = Release|Win32
		{5A384688-86B5-439D-B700-C52330851681}.Debug|Win32.ActiveCfg = Debug|Win32
		{5A384688-86B5-439D-B700-C52330851681}.Debug|Win32.Build.0 = Debug|Win32
		{5A384688-86B5-439D-B700-C52330851681}.Release|Win32.ActiveCfg = Release|Win32
		{5A384688-86B5-439D-B700-C52330851681}.Release|Win32.Build.0 = Release|Win32
	EndGlobalSection
	GlobalSection(SolutionProperties) = preSolution
		HideSolutionNode = FALSE
	EndGlobalSection
EndGlobal
