
Microsoft Visual Studio Solution File, Format Version 9.00
# Visual Studio 2005
Project("{8BC9CEB8-8B4A-11D0-8D11-00A0C91BC942}") = "vmblib", "..\util\vmbwin.vcproj", "{C7A37974-103B-4A8A-ACD4-F304C0D9C35C}"
EndProject
Project("{8BC9CEB8-8B4A-11D0-8D11-00A0C91BC942}") = "vmbwinopt", "..\opt\vmbwinopt.vcproj", "{DC8B98C7-E18F-4AB5-8E43-6D8A5523A992}"
EndProject
Project("{8BC9CEB8-8B4A-11D0-8D11-00A0C91BC942}") = "keyboard", "..\keyboard\keyboard.vcproj", "{EEEBF854-5B18-4DA9-897B-02D6201F20CF}"
	ProjectSection(ProjectDependencies) = postProject
		{DC8B98C7-E18F-4AB5-8E43-6D8A5523A992} = {DC8B98C7-E18F-4AB5-8E43-6D8A5523A992}
	EndProjectSection
EndProject
Project("{8BC9CEB8-8B4A-11D0-8D11-00A0C91BC942}") = "screen", "..\screen\screen.vcproj", "{DFB40465-F17A-4B2D-8692-EF03E56829F0}"
	ProjectSection(ProjectDependencies) = postProject
		{DC8B98C7-E18F-4AB5-8E43-6D8A5523A992} = {DC8B98C7-E18F-4AB5-8E43-6D8A5523A992}
	EndProjectSection
EndProject
Project("{8BC9CEB8-8B4A-11D0-8D11-00A0C91BC942}") = "rom", "..\rom\rom.vcproj", "{5517BA05-32AF-42D6-A69B-26BA7F0F4090}"
	ProjectSection(ProjectDependencies) = postProject
		{DC8B98C7-E18F-4AB5-8E43-6D8A5523A992} = {DC8B98C7-E18F-4AB5-8E43-6D8A5523A992}
	EndProjectSection
EndProject
Project("{8BC9CEB8-8B4A-11D0-8D11-00A0C91BC942}") = "ram", "..\ram\ram.vcproj", "{C12BCD03-F88D-4468-B4A0-1FF0E4818221}"
	ProjectSection(ProjectDependencies) = postProject
		{DC8B98C7-E18F-4AB5-8E43-6D8A5523A992} = {DC8B98C7-E18F-4AB5-8E43-6D8A5523A992}
	EndProjectSection
EndProject
Project("{8BC9CEB8-8B4A-11D0-8D11-00A0C91BC942}") = "mother", "..\mother\mother.vcproj", "{D646BE8E-9009-4DF1-9178-63E6FD0BB6FD}"
	ProjectSection(ProjectDependencies) = postProject
		{DC8B98C7-E18F-4AB5-8E43-6D8A5523A992} = {DC8B98C7-E18F-4AB5-8E43-6D8A5523A992}
	EndProjectSection
EndProject
Project("{8BC9CEB8-8B4A-11D0-8D11-00A0C91BC942}") = "flash", "..\flash\flash.vcproj", "{30013A83-D402-43B3-8442-8C6953BC42EA}"
	ProjectSection(ProjectDependencies) = postProject
		{DC8B98C7-E18F-4AB5-8E43-6D8A5523A992} = {DC8B98C7-E18F-4AB5-8E43-6D8A5523A992}
	EndProjectSection
EndProject
Project("{8BC9CEB8-8B4A-11D0-8D11-00A0C91BC942}") = "winvram", "..\winvram\winvram.vcproj", "{FE9C2409-0EFD-4BF9-9F00-D917910EF3D9}"
	ProjectSection(ProjectDependencies) = postProject
		{DC8B98C7-E18F-4AB5-8E43-6D8A5523A992} = {DC8B98C7-E18F-4AB5-8E43-6D8A5523A992}
	EndProjectSection
EndProject
Project("{8BC9CEB8-8B4A-11D0-8D11-00A0C91BC942}") = "sevensegment", "..\sevensegment\sevensegment.vcproj", "{1961A4CD-9F87-4E25-80C7-6109EB901107}"
	ProjectSection(ProjectDependencies) = postProject
		{DC8B98C7-E18F-4AB5-8E43-6D8A5523A992} = {DC8B98C7-E18F-4AB5-8E43-6D8A5523A992}
	EndProjectSection
EndProject
Project("{8BC9CEB8-8B4A-11D0-8D11-00A0C91BC942}") = "timer", "..\timer\timer.vcproj", "{47C72EF2-74A4-48E7-A6E1-0B4890084ABC}"
	ProjectSection(ProjectDependencies) = postProject
		{DC8B98C7-E18F-4AB5-8E43-6D8A5523A992} = {DC8B98C7-E18F-4AB5-8E43-6D8A5523A992}
	EndProjectSection
EndProject
Project("{8BC9CEB8-8B4A-11D0-8D11-00A0C91BC942}") = "disk", "..\disk\disk.vcproj", "{CDB41BD2-EB8F-4337-B079-4FC5FA44D5F0}"
	ProjectSection(ProjectDependencies) = postProject
		{DC8B98C7-E18F-4AB5-8E43-6D8A5523A992} = {DC8B98C7-E18F-4AB5-8E43-6D8A5523A992}
	EndProjectSection
EndProject
Project("{8BC9CEB8-8B4A-11D0-8D11-00A0C91BC942}") = "button", "..\button\button.vcproj", "{D00E9322-B30F-47E7-BA2F-FCF289F30A4A}"
	ProjectSection(ProjectDependencies) = postProject
		{5A384688-86B5-439D-B700-C52330851681} = {5A384688-86B5-439D-B700-C52330851681}
		{C7A37974-103B-4A8A-ACD4-F304C0D9C35C} = {C7A37974-103B-4A8A-ACD4-F304C0D9C35C}
		{DC8B98C7-E18F-4AB5-8E43-6D8A5523A992} = {DC8B98C7-E18F-4AB5-8E43-6D8A5523A992}
	EndProjectSection
EndProject
Project("{8BC9CEB8-8B4A-11D0-8D11-00A0C91BC942}") = "led", "..\led\led.vcproj", "{3A0CE6CE-2E84-48CD-BF94-F03E97DDA7BF}"
	ProjectSection(ProjectDependencies) = postProject
		{DC8B98C7-E18F-4AB5-8E43-6D8A5523A992} = {DC8B98C7-E18F-4AB5-8E43-6D8A5523A992}
	EndProjectSection
EndProject
Project("{8BC9CEB8-8B4A-11D0-8D11-00A0C91BC942}") = "serial", "..\serial\serial.vcproj", "{2A8B7118-00BA-4933-9BA9-D061861643C9}"
	ProjectSection(ProjectDependencies) = postProject
		{DC8B98C7-E18F-4AB5-8E43-6D8A5523A992} = {DC8B98C7-E18F-4AB5-8E43-6D8A5523A992}
	EndProjectSection
EndProject
Project("{8BC9CEB8-8B4A-11D0-8D11-00A0C91BC942}") = "winopt", "..\winopt\winopt.vcproj", "{5A384688-86B5-439D-B700-C52330851681}"
EndProject
Project("{8BC9CEB8-8B4A-11D0-8D11-00A0C91BC942}") = "copyexe", "copyexe.vcproj", "{A5941848-18B2-47AC-8840-E3A6028C7DF5}"
EndProject
Project("{8BC9CEB8-8B4A-11D0-8D11-00A0C91BC942}") = "sound", "..\sound\sound.vcproj", "{3998BFB5-9415-4F38-835B-245EE95F5877}"
	ProjectSection(ProjectDependencies) = postProject
		{DC8B98C7-E18F-4AB5-8E43-6D8A5523A992} = {DC8B98C7-E18F-4AB5-8E43-6D8A5523A992}
	EndProjectSection
EndProject
Project("{8BC9CEB8-8B4A-11D0-8D11-00A0C91BC942}") = "copychm", "copychm.vcproj", "{AA36B7F6-45E4-4FD0-BD8F-5E794FFC30AD}"
	ProjectSection(ProjectDependencies) = postProject
		{C12BCD03-F88D-4468-B4A0-1FF0E4818221} = {C12BCD03-F88D-4468-B4A0-1FF0E4818221}
		{5517BA05-32AF-42D6-A69B-26BA7F0F4090} = {5517BA05-32AF-42D6-A69B-26BA7F0F4090}
		{FE9C2409-0EFD-4BF9-9F00-D917910EF3D9} = {FE9C2409-0EFD-4BF9-9F00-D917910EF3D9}
		{2A8B7118-00BA-4933-9BA9-D061861643C9} = {2A8B7118-00BA-4933-9BA9-D061861643C9}
		{D00E9322-B30F-47E7-BA2F-FCF289F30A4A} = {D00E9322-B30F-47E7-BA2F-FCF289F30A4A}
		{EEEBF854-5B18-4DA9-897B-02D6201F20CF} = {EEEBF854-5B18-4DA9-897B-02D6201F20CF}
		{DFB40465-F17A-4B2D-8692-EF03E56829F0} = {DFB40465-F17A-4B2D-8692-EF03E56829F0}
		{30013A83-D402-43B3-8442-8C6953BC42EA} = {30013A83-D402-43B3-8442-8C6953BC42EA}
		{D646BE8E-9009-4DF1-9178-63E6FD0BB6FD} = {D646BE8E-9009-4DF1-9178-63E6FD0BB6FD}
		{3998BFB5-9415-4F38-835B-245EE95F5877} = {3998BFB5-9415-4F38-835B-245EE95F5877}
		{1961A4CD-9F87-4E25-80C7-6109EB901107} = {1961A4CD-9F87-4E25-80C7-6109EB901107}
		{3A0CE6CE-2E84-48CD-BF94-F03E97DDA7BF} = {3A0CE6CE-2E84-48CD-BF94-F03E97DDA7BF}
		{CDB41BD2-EB8F-4337-B079-4FC5FA44D5F0} = {CDB41BD2-EB8F-4337-B079-4FC5FA44D5F0}
		{47C72EF2-74A4-48E7-A6E1-0B4890084ABC} = {47C72EF2-74A4-48E7-A6E1-0B4890084ABC}
	EndProjectSection
EndProject
Project("{8BC9CEB8-8B4A-11D0-8D11-00A0C91BC942}") = "hostdisk", "..\hostdisk\hostdisk.vcproj", "{BE5B0E6C-C6BC-4D15-B478-C48775482C97}"
	ProjectSection(ProjectDependencies) = postProject
		{DC8B98C7-E18F-4AB5-8E43-6D8A5523A992} = {DC8B98C7-E18F-4AB5-8E43-6D8A5523A992}
	EndProjectSection
EndProject
Global
	GlobalSection(SolutionConfigurationPlatforms) = preSolution
		Debug|Win32 = Debug|Win32
		Release|Win32 = Release|Win32
	EndGlobalSection
	GlobalSection(ProjectConfigurationPlatforms) = postSolution
		{C7A37974-103B-4A8A-ACD4-F304C0D9C35C}.Debug|Win32.ActiveCfg = Debug|Win32
		{C7A37974-103B-4A8A-ACD4-F304C0D9C35C}.Debug|Win32.Build.0 = Debug|Win32
		{C7A37974-103B-4A8A-ACD4-F304C0D9C35C}.Release|Win32.ActiveCfg = Release|Win32
		{C7A37974-103B-4A8A-ACD4-F304C0D9C35C}.Release|Win32.Build.0 = Release|Win32
		{DC8B98C7-E18F-4AB5-8E43-6D8A5523A992}.Debug|Win32.ActiveCfg = Debug|Win32
		{DC8B98C7-E18F-4AB5-8E43-6D8A5523A992}.Debug|Win32.Build.0 = Debug|Win32
		{DC8B98C7-E18F-4AB5-8E43-6D8A5523A992}.Release|Win32.ActiveCfg = Release|Win32
		{DC8B98C7-E18F-4AB5-8E43-6D8A5523A992}.Release|Win32.Build.0 = Release|Win32
		{EEEBF854-5B18-4DA9-897B-02D6201F20CF}.Debug|Win32.ActiveCfg = Debug|Win32
		{EEEBF854-5B18-4DA9-897B-02D6201F20CF}.Debug|Win32.Build.0 = Debug|Win32
		{EEEBF854-5B18-4DA9-897B-02D6201F20CF}.Release|Win32.ActiveCfg = Release|Win32
		{EEEBF854-5B18-4DA9-897B-02D6201F20CF}.Release|Win32.Build.0 = Release|Win32
		{DFB40465-F17A-4B2D-8692-EF03E56829F0}.Debug|Win32.ActiveCfg = Debug|Win32
		{DFB40465-F17A-4B2D-8692-EF03E56829F0}.Debug|Win32.Build.0 = Debug|Win32
		{DFB40465-F17A-4B2D-8692-EF03E56829F0}.Release|Win32.ActiveCfg = Release|Win32
		{DFB40465-F17A-4B2D-8692-EF03E56829F0}.Release|Win32.Build.0 = Release|Win32
		{5517BA05-32AF-42D6-A69B-26BA7F0F4090}.Debug|Win32.ActiveCfg = Debug|Win32
		{5517BA05-32AF-42D6-A69B-26BA7F0F4090}.Debug|Win32.Build.0 = Debug|Win32
		{5517BA05-32AF-42D6-A69B-26BA7F0F4090}.Release|Win32.ActiveCfg = Release|Win32
		{5517BA05-32AF-42D6-A69B-26BA7F0F4090}.Release|Win32.Build.0 = Release|Win32
		{C12BCD03-F88D-4468-B4A0-1FF0E4818221}.Debug|Win32.ActiveCfg = Debug|Win32
		{C12BCD03-F88D-4468-B4A0-1FF0E4818221}.Debug|Win32.Build.0 = Debug|Win32
		{C12BCD03-F88D-4468-B4A0-1FF0E4818221}.Release|Win32.ActiveCfg = Release|Win32
		{C12BCD03-F88D-4468-B4A0-1FF0E4818221}.Release|Win32.Build.0 = Release|Win32
		{D646BE8E-9009-4DF1-9178-63E6FD0BB6FD}.Debug|Win32.ActiveCfg = Debug|Win32
		{D646BE8E-9009-4DF1-9178-63E6FD0BB6FD}.Debug|Win32.Build.0 = Debug|Win32
		{D646BE8E-9009-4DF1-9178-63E6FD0BB6FD}.Release|Win32.ActiveCfg = Release|Win32
		{D646BE8E-9009-4DF1-9178-63E6FD0BB6FD}.Release|Win32.Build.0 = Release|Win32
		{30013A83-D402-43B3-8442-8C6953BC42EA}.Debug|Win32.ActiveCfg = Debug|Win32
		{30013A83-D402-43B3-8442-8C6953BC42EA}.Debug|Win32.Build.0 = Debug|Win32
		{30013A83-D402-43B3-8442-8C6953BC42EA}.Release|Win32.ActiveCfg = Release|Win32
		{30013A83-D402-43B3-8442-8C6953BC42EA}.Release|Win32.Build.0 = Release|Win32
		{FE9C2409-0EFD-4BF9-9F00-D917910EF3D9}.Debug|Win32.ActiveCfg = Debug|Win32
		{FE9C2409-0EFD-4BF9-9F00-D917910EF3D9}.Debug|Win32.Build.0 = Debug|Win32
		{FE9C2409-0EFD-4BF9-9F00-D917910EF3D9}.Release|Win32.ActiveCfg = Release|Win32
		{FE9C2409-0EFD-4BF9-9F00-D917910EF3D9}.Release|Win32.Build.0 = Release|Win32
		{1961A4CD-9F87-4E25-80C7-6109EB901107}.Debug|Win32.ActiveCfg = Debug|Win32
		{1961A4CD-9F87-4E25-80C7-6109EB901107}.Debug|Win32.Build.0 = Debug|Win32
		{1961A4CD-9F87-4E25-80C7-6109EB901107}.Release|Win32.ActiveCfg = Release|Win32
		{1961A4CD-9F87-4E25-80C7-6109EB901107}.Release|Win32.Build.0 = Release|Win32
		{47C72EF2-74A4-48E7-A6E1-0B4890084ABC}.Debug|Win32.ActiveCfg = Debug|Win32
		{47C72EF2-74A4-48E7-A6E1-0B4890084ABC}.Debug|Win32.Build.0 = Debug|Win32
		{47C72EF2-74A4-48E7-A6E1-0B4890084ABC}.Release|Win32.ActiveCfg = Release|Win32
		{47C72EF2-74A4-48E7-A6E1-0B4890084ABC}.Release|Win32.Build.0 = Release|Win32
		{CDB41BD2-EB8F-4337-B079-4FC5FA44D5F0}.Debug|Win32.ActiveCfg = Debug|Win32
		{CDB41BD2-EB8F-4337-B079-4FC5FA44D5F0}.Debug|Win32.Build.0 = Debug|Win32
		{CDB41BD2-EB8F-4337-B079-4FC5FA44D5F0}.Release|Win32.ActiveCfg = Release|Win32
		{CDB41BD2-EB8F-4337-B079-4FC5FA44D5F0}.Release|Win32.Build.0 = Release|Win32
		{D00E9322-B30F-47E7-BA2F-FCF289F30A4A}.Debug|Win32.ActiveCfg = Debug|Win32
		{D00E9322-B30F-47E7-BA2F-FCF289F30A4A}.Debug|Win32.Build.0 = Debug|Win32
		{D00E9322-B30F-47E7-BA2F-FCF289F30A4A}.Release|Win32.ActiveCfg = Release|Win32
		{D00E9322-B30F-47E7-BA2F-FCF289F30A4A}.Release|Win32.Build.0 = Release|Win32
		{3A0CE6CE-2E84-48CD-BF94-F03E97DDA7BF}.Debug|Win32.ActiveCfg = Debug|Win32
		{3A0CE6CE-2E84-48CD-BF94-F03E97DDA7BF}.Debug|Win32.Build.0 = Debug|Win32
		{3A0CE6CE-2E84-48CD-BF94-F03E97DDA7BF}.Release|Win32.ActiveCfg = Release|Win32
		{3A0CE6CE-2E84-48CD-BF94-F03E97DDA7BF}.Release|Win32.Build.0 = Release|Win32
		{2A8B7118-00BA-4933-9BA9-D061861643C9}.Debug|Win32.ActiveCfg = Debug|Win32
		{2A8B7118-00BA-4933-9BA9-D061861643C9}.Debug|Win32.Build.0 = Debug|Win32
		{2A8B7118-00BA-4933-9BA9-D061861643C9}.Release|Win32.ActiveCfg = Release|Win32
		{2A8B7118-00BA-4933-9BA9-D061861643C9}.Release|Win32.Build.0 = Release|Win32
		{5A384688-86B5-439D-B700-C52330851681}.Debug|Win32.ActiveCfg = Debug|Win32
		{5A384688-86B5-439D-B700-C52330851681}.Debug|Win32.Build.0 = Debug|Win32
		{5A384688-86B5-439D-B700-C52330851681}.Release|Win32.ActiveCfg = Release|Win32
		{5A384688-86B5-439D-B700-C52330851681}.Release|Win32.Build.0 = Release|Win32
		{A5941848-18B2-47AC-8840-E3A6028C7DF5}.Debug|Win32.ActiveCfg = Debug|Win32
		{A5941848-18B2-47AC-8840-E3A6028C7DF5}.Debug|Win32.Build.0 = Debug|Win32
		{A5941848-18B2-47AC-8840-E3A6028C7DF5}.Release|Win32.ActiveCfg = Release|Win32
		{A5941848-18B2-47AC-8840-E3A6028C7DF5}.Release|Win32.Build.0 = Release|Win32
		{3998BFB5-9415-4F38-835B-245EE95F5877}.Debug|Win32.ActiveCfg = Debug|Win32
		{3998BFB5-9415-4F38-835B-245EE95F5877}.Debug|Win32.Build.0 = Debug|Win32
		{3998BFB5-9415-4F38-835B-245EE95F5877}.Release|Win32.ActiveCfg = Release|Win32
		{3998BFB5-9415-4F38-835B-245EE95F5877}.Release|Win32.Build.0 = Release|Win32
		{AA36B7F6-45E4-4FD0-BD8F-5E794FFC30AD}.Debug|Win32.ActiveCfg = Debug|Win32
		{AA36B7F6-45E4-4FD0-BD8F-5E794FFC30AD}.Debug|Win32.Build.0 = Debug|Win32
		{AA36B7F6-45E4-4FD0-BD8F-5E794FFC30AD}.Release|Win32.ActiveCfg = Release|Win32
		{AA36B7F6-45E4-4FD0-BD8F-5E794FFC30AD}.Release|Win32.Build.0 = Release|Win32
		{BE5B0E6C-C6BC-4D15-B478-C48775482C97}.Debug|Win32.ActiveCfg = Debug|Win32
		{BE5B0E6C-C6BC-4D15-B478-C48775482C97}.Debug|Win32.Build.0 = Debug|Win32
		{BE5B0E6C-C6BC-4D15-B478-C48775482C97}.Release|Win32.ActiveCfg = Release|Win32
		{BE5B0E6C-C6BC-4D15-B478-C48775482C97}.Release|Win32.Build.0 = Release|Win32
	EndGlobalSection
	GlobalSection(SolutionProperties) = preSolution
		HideSolutionNode = FALSE
	EndGlobalSection
EndGlobal
